
Microsoft Visual Studio Solution File, Format Version 12.00
# Visual Studio 15
VisualStudioVersion = 15.0.27703.2026
MinimumVisualStudioVersion = 10.0.40219.1
Project("{FAE04EC0-301F-11D3-BF4B-00C04F79EFBC}") = "MyPlaylist", "MyPlaylist\MyPlaylist.csproj", "{ED606A88-D7C9-4B35-B653-F9B216E738EE}"
EndProject
Global
	GlobalSection(SolutionConfigurationPlatforms) = preSolution
		Debug|Any CPU = Debug|Any CPU
		Release|Any CPU = Release|Any CPU
	EndGlobalSection
	GlobalSection(ProjectConfigurationPlatforms) = postSolution
		{ED606A88-D7C9-4B35-B653-F9B216E738EE}.Debug|Any CPU.ActiveCfg = Debug|Any CPU
		{ED606A88-D7C9-4B35-B653-F9B216E738EE}.Debug|Any CPU.Build.0 = Debug|Any CPU
		{ED606A88-D7C9-4B35-B653-F9B216E738EE}.Release|Any CPU.ActiveCfg = Release|Any CPU
		{ED606A88-D7C9-4B35-B653-F9B216E738EE}.Release|Any CPU.Build.0 = Release|Any CPU
	EndGlobalSection
	GlobalSection(SolutionProperties) = preSolution
		HideSolutionNode = FALSE
	EndGlobalSection
	GlobalSection(ExtensibilityGlobals) = postSolution
		SolutionGuid = {F5B59F33-3EFB-4BE3-81E2-668B0E903509}
	EndGlobalSection
EndGlobal
